
Microsoft Visual Studio Solution File, Format Version 12.00
# Visual Studio Version 17
VisualStudioVersion = 17.5.002.0
MinimumVisualStudioVersion = 10.0.40219.1
Project("{9A19103F-16F7-4668-BE54-9A1E7A4F7556}") = "dongu_for", "dongu_for.csproj", "{2A626695-BCA9-4EB6-A4A0-F5E78A5168B5}"
EndProject
Global
	GlobalSection(SolutionConfigurationPlatforms) = preSolution
		Debug|Any CPU = Debug|Any CPU
		Release|Any CPU = Release|Any CPU
	EndGlobalSection
	GlobalSection(ProjectConfigurationPlatforms) = postSolution
		{2A626695-BCA9-4EB6-A4A0-F5E78A5168B5}.Debug|Any CPU.ActiveCfg = Debug|Any CPU
		{2A626695-BCA9-4EB6-A4A0-F5E78A5168B5}.Debug|Any CPU.Build.0 = Debug|Any CPU
		{2A626695-BCA9-4EB6-A4A0-F5E78A5168B5}.Release|Any CPU.ActiveCfg = Release|Any CPU
		{2A626695-BCA9-4EB6-A4A0-F5E78A5168B5}.Release|Any CPU.Build.0 = Release|Any CPU
	EndGlobalSection
	GlobalSection(SolutionProperties) = preSolution
		HideSolutionNode = FALSE
	EndGlobalSection
	GlobalSection(ExtensibilityGlobals) = postSolution
		SolutionGuid = {B8FB5599-A0B8-4DE0-A3E8-28CC1E280124}
	EndGlobalSection
EndGlobal
